
Microsoft Visual Studio Solution File, Format Version 12.00
# Visual Studio 15
VisualStudioVersion = 15.0.27428.2037
MinimumVisualStudioVersion = 10.0.40219.1
Project("{FAE04EC0-301F-11D3-BF4B-00C04F79EFBC}") = "GH", "GH\GH.csproj", "{2574F603-4B6C-4A30-BFDD-E3BC09EEDFDF}"
EndProject
Project("{FAE04EC0-301F-11D3-BF4B-00C04F79EFBC}") = "GHService", "GHService\GHService.csproj", "{11A0BF50-4966-4E0A-A1CF-B91F3A52BFAE}"
EndProject
Project("{2150E333-8FDC-42A3-9474-1A3956D46DE8}") = "Server", "Server", "{300A3C6B-5B5A-419F-9E3B-945BFF6391D9}"
EndProject
Project("{2150E333-8FDC-42A3-9474-1A3956D46DE8}") = "Service", "Service", "{02B9D02B-424A-4A62-86DA-49D8F97CE1FF}"
EndProject
Project("{2150E333-8FDC-42A3-9474-1A3956D46DE8}") = "Model", "Model", "{48FBFE26-4AE4-4D6A-A645-EFB9673E2BE8}"
EndProject
Project("{2150E333-8FDC-42A3-9474-1A3956D46DE8}") = "Repository", "Repository", "{4CBF7E74-88A0-4353-95DB-EFACC613229E}"
EndProject
Project("{FAE04EC0-301F-11D3-BF4B-00C04F79EFBC}") = "GH.Service", "GH.Service\GH.Service.csproj", "{EA3E252C-2572-4861-A434-C0789AA9B670}"
EndProject
Project("{FAE04EC0-301F-11D3-BF4B-00C04F79EFBC}") = "GH.Repository", "GH.Repository\GH.Repository.csproj", "{A1EDC47C-70A5-4A11-9240-769A97FBE840}"
EndProject
Project("{FAE04EC0-301F-11D3-BF4B-00C04F79EFBC}") = "GH.Model", "GH.Model\GH.Model.csproj", "{C31F5736-A90A-4836-AA51-D026F194B82F}"
EndProject
Project("{FAE04EC0-301F-11D3-BF4B-00C04F79EFBC}") = "GH.RequestModel", "GH.RequestModel\GH.RequestModel.csproj", "{018F88B0-BCB5-4DAE-8E46-C78CD6266470}"
EndProject
Project("{FAE04EC0-301F-11D3-BF4B-00C04F79EFBC}") = "GH.ViewModel", "GH.ViewModel\GH.ViewModel.csproj", "{15982745-94D1-4B58-89ED-F8109AF6778F}"
EndProject
Project("{FAE04EC0-301F-11D3-BF4B-00C04F79EFBC}") = "GH.Server", "GH.Server\GH.Server.csproj", "{E54D4F0E-2785-49A6-9BAD-C3325380468A}"
EndProject
Global
	GlobalSection(SolutionConfigurationPlatforms) = preSolution
		Debug|Any CPU = Debug|Any CPU
		Release|Any CPU = Release|Any CPU
	EndGlobalSection
	GlobalSection(ProjectConfigurationPlatforms) = postSolution
		{2574F603-4B6C-4A30-BFDD-E3BC09EEDFDF}.Debug|Any CPU.ActiveCfg = Debug|Any CPU
		{2574F603-4B6C-4A30-BFDD-E3BC09EEDFDF}.Debug|Any CPU.Build.0 = Debug|Any CPU
		{2574F603-4B6C-4A30-BFDD-E3BC09EEDFDF}.Release|Any CPU.ActiveCfg = Release|Any CPU
		{2574F603-4B6C-4A30-BFDD-E3BC09EEDFDF}.Release|Any CPU.Build.0 = Release|Any CPU
		{11A0BF50-4966-4E0A-A1CF-B91F3A52BFAE}.Debug|Any CPU.ActiveCfg = Debug|Any CPU
		{11A0BF50-4966-4E0A-A1CF-B91F3A52BFAE}.Debug|Any CPU.Build.0 = Debug|Any CPU
		{11A0BF50-4966-4E0A-A1CF-B91F3A52BFAE}.Release|Any CPU.ActiveCfg = Release|Any CPU
		{11A0BF50-4966-4E0A-A1CF-B91F3A52BFAE}.Release|Any CPU.Build.0 = Release|Any CPU
		{EA3E252C-2572-4861-A434-C0789AA9B670}.Debug|Any CPU.ActiveCfg = Debug|Any CPU
		{EA3E252C-2572-4861-A434-C0789AA9B670}.Debug|Any CPU.Build.0 = Debug|Any CPU
		{EA3E252C-2572-4861-A434-C0789AA9B670}.Release|Any CPU.ActiveCfg = Release|Any CPU
		{EA3E252C-2572-4861-A434-C0789AA9B670}.Release|Any CPU.Build.0 = Release|Any CPU
		{A1EDC47C-70A5-4A11-9240-769A97FBE840}.Debug|Any CPU.ActiveCfg = Debug|Any CPU
		{A1EDC47C-70A5-4A11-9240-769A97FBE840}.Debug|Any CPU.Build.0 = Debug|Any CPU
		{A1EDC47C-70A5-4A11-9240-769A97FBE840}.Release|Any CPU.ActiveCfg = Release|Any CPU
		{A1EDC47C-70A5-4A11-9240-769A97FBE840}.Release|Any CPU.Build.0 = Release|Any CPU
		{C31F5736-A90A-4836-AA51-D026F194B82F}.Debug|Any CPU.ActiveCfg = Debug|Any CPU
		{C31F5736-A90A-4836-AA51-D026F194B82F}.Debug|Any CPU.Build.0 = Debug|Any CPU
		{C31F5736-A90A-4836-AA51-D026F194B82F}.Release|Any CPU.ActiveCfg = Release|Any CPU
		{C31F5736-A90A-4836-AA51-D026F194B82F}.Release|Any CPU.Build.0 = Release|Any CPU
		{018F88B0-BCB5-4DAE-8E46-C78CD6266470}.Debug|Any CPU.ActiveCfg = Debug|Any CPU
		{018F88B0-BCB5-4DAE-8E46-C78CD6266470}.Debug|Any CPU.Build.0 = Debug|Any CPU
		{018F88B0-BCB5-4DAE-8E46-C78CD6266470}.Release|Any CPU.ActiveCfg = Release|Any CPU
		{018F88B0-BCB5-4DAE-8E46-C78CD6266470}.Release|Any CPU.Build.0 = Release|Any CPU
		{15982745-94D1-4B58-89ED-F8109AF6778F}.Debug|Any CPU.ActiveCfg = Debug|Any CPU
		{15982745-94D1-4B58-89ED-F8109AF6778F}.Debug|Any CPU.Build.0 = Debug|Any CPU
		{15982745-94D1-4B58-89ED-F8109AF6778F}.Release|Any CPU.ActiveCfg = Release|Any CPU
		{15982745-94D1-4B58-89ED-F8109AF6778F}.Release|Any CPU.Build.0 = Release|Any CPU
		{E54D4F0E-2785-49A6-9BAD-C3325380468A}.Debug|Any CPU.ActiveCfg = Debug|Any CPU
		{E54D4F0E-2785-49A6-9BAD-C3325380468A}.Debug|Any CPU.Build.0 = Debug|Any CPU
		{E54D4F0E-2785-49A6-9BAD-C3325380468A}.Release|Any CPU.ActiveCfg = Release|Any CPU
		{E54D4F0E-2785-49A6-9BAD-C3325380468A}.Release|Any CPU.Build.0 = Release|Any CPU
	EndGlobalSection
	GlobalSection(SolutionProperties) = preSolution
		HideSolutionNode = FALSE
	EndGlobalSection
	GlobalSection(NestedProjects) = preSolution
		{11A0BF50-4966-4E0A-A1CF-B91F3A52BFAE} = {300A3C6B-5B5A-419F-9E3B-945BFF6391D9}
		{EA3E252C-2572-4861-A434-C0789AA9B670} = {02B9D02B-424A-4A62-86DA-49D8F97CE1FF}
		{A1EDC47C-70A5-4A11-9240-769A97FBE840} = {4CBF7E74-88A0-4353-95DB-EFACC613229E}
		{C31F5736-A90A-4836-AA51-D026F194B82F} = {48FBFE26-4AE4-4D6A-A645-EFB9673E2BE8}
		{018F88B0-BCB5-4DAE-8E46-C78CD6266470} = {48FBFE26-4AE4-4D6A-A645-EFB9673E2BE8}
		{15982745-94D1-4B58-89ED-F8109AF6778F} = {48FBFE26-4AE4-4D6A-A645-EFB9673E2BE8}
		{E54D4F0E-2785-49A6-9BAD-C3325380468A} = {300A3C6B-5B5A-419F-9E3B-945BFF6391D9}
	EndGlobalSection
	GlobalSection(ExtensibilityGlobals) = postSolution
		SolutionGuid = {12C79998-16DC-48DA-8339-CFA52259DBCE}
	EndGlobalSection
EndGlobal
